PODS:
  - connectivity_plus (0.0.1):
    - Flutter
    - ReachabilitySwift
  - CryptoSwift (1.6.0)
  - Flutter (1.0.0)
  - flutter_callkit_incoming (0.0.1):
    - CryptoSwift
    - Flutter
  - flutter_webrtc (0.9.20):
    - Flutter
    - WebRTC-SDK (= 104.5112.09)
  - MTBBarcodeScanner (5.0.11)
  - path_provider_ios (0.0.1):
    - Flutter
  - plugin_pitel (0.0.1):
    - Flutter
  - qr_code_scanner (0.2.0):
    - Flutter
    - MTBBarcodeScanner
  - ReachabilitySwift (5.0.0)
  - shared_preferences_foundation (0.0.1):
    - Flutter
    - FlutterMacOS
  - url_launcher_ios (0.0.1):
    - Flutter
  - WebRTC-SDK (104.5112.09)

DEPENDENCIES:
  - connectivity_plus (from `.symlinks/plugins/connectivity_plus/ios`)
  - Flutter (from `Flutter`)
  - flutter_callkit_incoming (from `.symlinks/plugins/flutter_callkit_incoming/ios`)
  - flutter_webrtc (from `.symlinks/plugins/flutter_webrtc/ios`)
  - path_provider_ios (from `.symlinks/plugins/path_provider_ios/ios`)
  - plugin_pitel (from `.symlinks/plugins/plugin_pitel/ios`)
  - qr_code_scanner (from `.symlinks/plugins/qr_code_scanner/ios`)
  - shared_preferences_foundation (from `.symlinks/plugins/shared_preferences_foundation/ios`)
  - url_launcher_ios (from `.symlinks/plugins/url_launcher_ios/ios`)

SPEC REPOS:
  trunk:
    - CryptoSwift
    - MTBBarcodeScanner
    - ReachabilitySwift
    - WebRTC-SDK

EXTERNAL SOURCES:
  connectivity_plus:
    :path: ".symlinks/plugins/connectivity_plus/ios"
  Flutter:
    :path: Flutter
  flutter_callkit_incoming:
    :path: ".symlinks/plugins/flutter_callkit_incoming/ios"
  flutter_webrtc:
    :path: ".symlinks/plugins/flutter_webrtc/ios"
  path_provider_ios:
    :path: ".symlinks/plugins/path_provider_ios/ios"
  plugin_pitel:
    :path: ".symlinks/plugins/plugin_pitel/ios"
  qr_code_scanner:
    :path: ".symlinks/plugins/qr_code_scanner/ios"
  shared_preferences_foundation:
    :path: ".symlinks/plugins/shared_preferences_foundation/ios"
  url_launcher_ios:
    :path: ".symlinks/plugins/url_launcher_ios/ios"

SPEC CHECKSUMS:
  connectivity_plus: 413a8857dd5d9f1c399a39130850d02fe0feaf7e
  CryptoSwift: 562f8eceb40e80796fffc668b0cad9313284cfa6
  Flutter: f04841e97a9d0b0a8025694d0796dd46242b2854
  flutter_callkit_incoming: 417dd1b46541cdd5d855ad795ccbe97d1c18155e
  flutter_webrtc: 15c5fb4ea324f3178ff97c0f02b9467b85977e42
  MTBBarcodeScanner: f453b33c4b7dfe545d8c6484ed744d55671788cb
  path_provider_ios: 14f3d2fd28c4fdb42f44e0f751d12861c43cee02
  plugin_pitel: b943cee8824571ad13b9f8fe4877924873720227
  qr_code_scanner: bb67d64904c3b9658ada8c402e8b4d406d5d796e
  ReachabilitySwift: 985039c6f7b23a1da463388634119492ff86c825
  shared_preferences_foundation: 986fc17f3d3251412d18b0265f9c64113a8c2472
  url_launcher_ios: 839c58cdb4279282219f5e248c3321761ff3c4de
  WebRTC-SDK: 3fa5c6fa717314fade68bffed85737484a28ad0b

PODFILE CHECKSUM: b5e69c1be83e35fb7bd18a07de39471918bcabc6

COCOAPODS: 1.12.0
